// !$*UTF8*$!
{
	archiveVersion = 1;
	classes = {
	};
	objectVersion = 55;
	objects = {

/* Begin PBXBuildFile section */
		B6B1A0792799BE730089DF9D /* ShoppingApp.swift in Sources */ = {isa = PBXBuildFile; fileRef = B6B1A0782799BE730089DF9D /* ShoppingApp.swift */; };
		B6B1A07B2799BE730089DF9D /* MasterView.swift in Sources */ = {isa = PBXBuildFile; fileRef = B6B1A07A2799BE730089DF9D /* MasterView.swift */; };
		B6B1A07D2799BE750089DF9D /* Assets.xcassets in Resources */ = {isa = PBXBuildFile; fileRef = B6B1A07C2799BE750089DF9D /* Assets.xcassets */; };
		B6B1A0802799BE750089DF9D /* Preview Assets.xcassets in Resources */ = {isa = PBXBuildFile; fileRef = B6B1A07F2799BE750089DF9D /* Preview Assets.xcassets */; };
		B6B1A08A2799BE750089DF9D /* ShoppingTests.swift in Sources */ = {isa = PBXBuildFile; fileRef = B6B1A0892799BE750089DF9D /* ShoppingTests.swift */; };
		B6B1A0942799BE750089DF9D /* ShoppingUITests.swift in Sources */ = {isa = PBXBuildFile; fileRef = B6B1A0932799BE750089DF9D /* ShoppingUITests.swift */; };
		B6B1A0962799BE750089DF9D /* ShoppingUITestsLaunchTests.swift in Sources */ = {isa = PBXBuildFile; fileRef = B6B1A0952799BE750089DF9D /* ShoppingUITestsLaunchTests.swift */; };
		B6B1A0A32799BEA30089DF9D /* HomeView.swift in Sources */ = {isa = PBXBuildFile; fileRef = B6B1A0A22799BEA30089DF9D /* HomeView.swift */; };
		B6B1A0A52799BEAF0089DF9D /* SavedView.swift in Sources */ = {isa = PBXBuildFile; fileRef = B6B1A0A42799BEAF0089DF9D /* SavedView.swift */; };
		B6B1A0A72799BEC20089DF9D /* Notifications.swift in Sources */ = {isa = PBXBuildFile; fileRef = B6B1A0A62799BEC20089DF9D /* Notifications.swift */; };
		B6B1A0A92799BECD0089DF9D /* Profile.swift in Sources */ = {isa = PBXBuildFile; fileRef = B6B1A0A82799BECD0089DF9D /* Profile.swift */; };
		B6B1A0AB2799BED40089DF9D /* Cart.swift in Sources */ = {isa = PBXBuildFile; fileRef = B6B1A0AA2799BED40089DF9D /* Cart.swift */; };
/* End PBXBuildFile section */

/* Begin PBXContainerItemProxy section */
		B6B1A0862799BE750089DF9D /* PBXContainerItemProxy */ = {
			isa = PBXContainerItemProxy;
			containerPortal = B6B1A06D2799BE730089DF9D /* Project object */;
			proxyType = 1;
			remoteGlobalIDString = B6B1A0742799BE730089DF9D;
			remoteInfo = Shopping;
		};
		B6B1A0902799BE750089DF9D /* PBXContainerItemProxy */ = {
			isa = PBXContainerItemProxy;
			containerPortal = B6B1A06D2799BE730089DF9D /* Project object */;
			proxyType = 1;
			remoteGlobalIDString = B6B1A0742799BE730089DF9D;
			remoteInfo = Shopping;
		};
/* End PBXContainerItemProxy section */

/* Begin PBXFileReference section */
		B6B1A0752799BE730089DF9D /* Shopping.app */ = {isa = PBXFileReference; explicitFileType = wrapper.application; includeInIndex = 0; path = Shopping.app; sourceTree = BUILT_PRODUCTS_DIR; };
		B6B1A0782799BE730089DF9D /* ShoppingApp.swift */ = {isa = PBXFileReference; lastKnownFileType = sourcecode.swift; path = ShoppingApp.swift; sourceTree = "<group>"; };
		B6B1A07A2799BE730089DF9D /* MasterView.swift */ = {isa = PBXFileReference; lastKnownFileType = sourcecode.swift; path = MasterView.swift; sourceTree = "<group>"; };
		B6B1A07C2799BE750089DF9D /* Assets.xcassets */ = {isa = PBXFileReference; lastKnownFileType = folder.assetcatalog; path = Assets.xcassets; sourceTree = "<group>"; };
		B6B1A07F2799BE750089DF9D /* Preview Assets.xcassets */ = {isa = PBXFileReference; lastKnownFileType = folder.assetcatalog; path = "Preview Assets.xcassets"; sourceTree = "<group>"; };
		B6B1A0852799BE750089DF9D /* ShoppingTests.xctest */ = {isa = PBXFileReference; explicitFileType = wrapper.cfbundle; includeInIndex = 0; path = ShoppingTests.xctest; sourceTree = BUILT_PRODUCTS_DIR; };
		B6B1A0892799BE750089DF9D /* ShoppingTests.swift */ = {isa = PBXFileReference; lastKnownFileType = sourcecode.swift; path = ShoppingTests.swift; sourceTree = "<group>"; };
		B6B1A08F2799BE750089DF9D /* ShoppingUITests.xctest */ = {isa = PBXFileReference; explicitFileType = wrapper.cfbundle; includeInIndex = 0; path = ShoppingUITests.xctest; sourceTree = BUILT_PRODUCTS_DIR; };
		B6B1A0932799BE750089DF9D /* ShoppingUITests.swift */ = {isa = PBXFileReference; lastKnownFileType = sourcecode.swift; path = ShoppingUITests.swift; sourceTree = "<group>"; };
		B6B1A0952799BE750089DF9D /* ShoppingUITestsLaunchTests.swift */ = {isa = PBXFileReference; lastKnownFileType = sourcecode.swift; path = ShoppingUITestsLaunchTests.swift; sourceTree = "<group>"; };
		B6B1A0A22799BEA30089DF9D /* HomeView.swift */ = {isa = PBXFileReference; lastKnownFileType = sourcecode.swift; path = HomeView.swift; sourceTree = "<group>"; };
		B6B1A0A42799BEAF0089DF9D /* SavedView.swift */ = {isa = PBXFileReference; lastKnownFileType = sourcecode.swift; path = SavedView.swift; sourceTree = "<group>"; };
		B6B1A0A62799BEC20089DF9D /* Notifications.swift */ = {isa = PBXFileReference; lastKnownFileType = sourcecode.swift; path = Notifications.swift; sourceTree = "<group>"; };
		B6B1A0A82799BECD0089DF9D /* Profile.swift */ = {isa = PBXFileReference; lastKnownFileType = sourcecode.swift; path = Profile.swift; sourceTree = "<group>"; };
		B6B1A0AA2799BED40089DF9D /* Cart.swift */ = {isa = PBXFileReference; lastKnownFileType = sourcecode.swift; path = Cart.swift; sourceTree = "<group>"; };
/* End PBXFileReference section */

/* Begin PBXFrameworksBuildPhase section */
		B6B1A0722799BE730089DF9D /* Frameworks */ = {
			isa = PBXFrameworksBuildPhase;
			buildActionMask = 2147483647;
			files = (
			);
			runOnlyForDeploymentPostprocessing = 0;
		};
		B6B1A0822799BE750089DF9D /* Frameworks */ = {
			isa = PBXFrameworksBuildPhase;
			buildActionMask = 2147483647;
			files = (
			);
			runOnlyForDeploymentPostprocessing = 0;
		};
		B6B1A08C2799BE750089DF9D /* Frameworks */ = {
			isa = PBXFrameworksBuildPhase;
			buildActionMask = 2147483647;
			files = (
			);
			runOnlyForDeploymentPostprocessing = 0;
		};
/* End PBXFrameworksBuildPhase section */

/* Begin PBXGroup section */
		B6B1A06C2799BE730089DF9D = {
			isa = PBXGroup;
			children = (
				B6B1A0772799BE730089DF9D /* Shopping */,
				B6B1A0882799BE750089DF9D /* ShoppingTests */,
				B6B1A0922799BE750089DF9D /* ShoppingUITests */,
				B6B1A0762799BE730089DF9D /* Products */,
			);
			sourceTree = "<group>";
		};
		B6B1A0762799BE730089DF9D /* Products */ = {
			isa = PBXGroup;
			children = (
				B6B1A0752799BE730089DF9D /* Shopping.app */,
				B6B1A0852799BE750089DF9D /* ShoppingTests.xctest */,
				B6B1A08F2799BE750089DF9D /* ShoppingUITests.xctest */,
			);
			name = Products;
			sourceTree = "<group>";
		};
		B6B1A0772799BE730089DF9D /* Shopping */ = {
			isa = PBXGroup;
			children = (
				B6B1A0782799BE730089DF9D /* ShoppingApp.swift */,
				B6B1A07A2799BE730089DF9D /* MasterView.swift */,
				B6B1A0A22799BEA30089DF9D /* HomeView.swift */,
				B6B1A0A42799BEAF0089DF9D /* SavedView.swift */,
				B6B1A0A62799BEC20089DF9D /* Notifications.swift */,
				B6B1A0A82799BECD0089DF9D /* Profile.swift */,
				B6B1A0AA2799BED40089DF9D /* Cart.swift */,
				B6B1A07C2799BE750089DF9D /* Assets.xcassets */,
				B6B1A07E2799BE750089DF9D /* Preview Content */,
			);
			path = Shopping;
			sourceTree = "<group>";
		};
		B6B1A07E2799BE750089DF9D /* Preview Content */ = {
			isa = PBXGroup;
			children = (
				B6B1A07F2799BE750089DF9D /* Preview Assets.xcassets */,
			);
			path = "Preview Content";
			sourceTree = "<group>";
		};
		B6B1A0882799BE750089DF9D /* ShoppingTests */ = {
			isa = PBXGroup;
			children = (
				B6B1A0892799BE750089DF9D /* ShoppingTests.swift */,
			);
			path = ShoppingTests;
			sourceTree = "<group>";
		};
		B6B1A0922799BE750089DF9D /* ShoppingUITests */ = {
			isa = PBXGroup;
			children = (
				B6B1A0932799BE750089DF9D /* ShoppingUITests.swift */,
				B6B1A0952799BE750089DF9D /* ShoppingUITestsLaunchTests.swift */,
			);
			path = ShoppingUITests;
			sourceTree = "<group>";
		};
/* End PBXGroup section */

/* Begin PBXNativeTarget section */
		B6B1A0742799BE730089DF9D /* Shopping */ = {
			isa = PBXNativeTarget;
			buildConfigurationList = B6B1A0992799BE750089DF9D /* Build configuration list for PBXNativeTarget "Shopping" */;
			buildPhases = (
				B6B1A0712799BE730089DF9D /* Sources */,
				B6B1A0722799BE730089DF9D /* Frameworks */,
				B6B1A0732799BE730089DF9D /* Resources */,
			);
			buildRules = (
			);
			dependencies = (
			);
			name = Shopping;
			productName = Shopping;
			productReference = B6B1A0752799BE730089DF9D /* Shopping.app */;
			productType = "com.apple.product-type.application";
		};
		B6B1A0842799BE750089DF9D /* ShoppingTests */ = {
			isa = PBXNativeTarget;
			buildConfigurationList = B6B1A09C2799BE750089DF9D /* Build configuration list for PBXNativeTarget "ShoppingTests" */;
			buildPhases = (
				B6B1A0812799BE750089DF9D /* Sources */,
				B6B1A0822799BE750089DF9D /* Frameworks */,
				B6B1A0832799BE750089DF9D /* Resources */,
			);
			buildRules = (
			);
			dependencies = (
				B6B1A0872799BE750089DF9D /* PBXTargetDependency */,
			);
			name = ShoppingTests;
			productName = ShoppingTests;
			productReference = B6B1A0852799BE750089DF9D /* ShoppingTests.xctest */;
			productType = "com.apple.product-type.bundle.unit-test";
		};
		B6B1A08E2799BE750089DF9D /* ShoppingUITests */ = {
			isa = PBXNativeTarget;
			buildConfigurationList = B6B1A09F2799BE750089DF9D /* Build configuration list for PBXNativeTarget "ShoppingUITests" */;
			buildPhases = (
				B6B1A08B2799BE750089DF9D /* Sources */,
				B6B1A08C2799BE750089DF9D /* Frameworks */,
				B6B1A08D2799BE750089DF9D /* Resources */,
			);
			buildRules = (
			);
			dependencies = (
				B6B1A0912799BE750089DF9D /* PBXTargetDependency */,
			);
			name = ShoppingUITests;
			productName = ShoppingUITests;
			productReference = B6B1A08F2799BE750089DF9D /* ShoppingUITests.xctest */;
			productType = "com.apple.product-type.bundle.ui-testing";
		};
/* End PBXNativeTarget section */

/* Begin PBXProject section */
		B6B1A06D2799BE730089DF9D /* Project object */ = {
			isa = PBXProject;
			attributes = {
				BuildIndependentTargetsInParallel = 1;
				LastSwiftUpdateCheck = 1320;
				LastUpgradeCheck = 1320;
				TargetAttributes = {
					B6B1A0742799BE730089DF9D = {
						CreatedOnToolsVersion = 13.2.1;
					};
					B6B1A0842799BE750089DF9D = {
						CreatedOnToolsVersion = 13.2.1;
						TestTargetID = B6B1A0742799BE730089DF9D;
					};
					B6B1A08E2799BE750089DF9D = {
						CreatedOnToolsVersion = 13.2.1;
						TestTargetID = B6B1A0742799BE730089DF9D;
					};
				};
			};
			buildConfigurationList = B6B1A0702799BE730089DF9D /* Build configuration list for PBXProject "Shopping" */;
			compatibilityVersion = "Xcode 13.0";
			developmentRegion = en;
			hasScannedForEncodings = 0;
			knownRegions = (
				en,
				Base,
			);
			mainGroup = B6B1A06C2799BE730089DF9D;
			productRefGroup = B6B1A0762799BE730089DF9D /* Products */;
			projectDirPath = "";
			projectRoot = "";
			targets = (
				B6B1A0742799BE730089DF9D /* Shopping */,
				B6B1A0842799BE750089DF9D /* ShoppingTests */,
				B6B1A08E2799BE750089DF9D /* ShoppingUITests */,
			);
		};
/* End PBXProject section */

/* Begin PBXResourcesBuildPhase section */
		B6B1A0732799BE730089DF9D /* Resources */ = {
			isa = PBXResourcesBuildPhase;
			buildActionMask = 2147483647;
			files = (
				B6B1A0802799BE750089DF9D /* Preview Assets.xcassets in Resources */,
				B6B1A07D2799BE750089DF9D /* Assets.xcassets in Resources */,
			);
			runOnlyForDeploymentPostprocessing = 0;
		};
		B6B1A0832799BE750089DF9D /* Resources */ = {
			isa = PBXResourcesBuildPhase;
			buildActionMask = 2147483647;
			files = (
			);
			runOnlyForDeploymentPostprocessing = 0;
		};
		B6B1A08D2799BE750089DF9D /* Resources */ = {
			isa = PBXResourcesBuildPhase;
			buildActionMask = 2147483647;
			files = (
			);
			runOnlyForDeploymentPostprocessing = 0;
		};
/* End PBXResourcesBuildPhase section */

/* Begin PBXSourcesBuildPhase section */
		B6B1A0712799BE730089DF9D /* Sources */ = {
			isa = PBXSourcesBuildPhase;
			buildActionMask = 2147483647;
			files = (
				B6B1A0A72799BEC20089DF9D /* Notifications.swift in Sources */,
				B6B1A0A92799BECD0089DF9D /* Profile.swift in Sources */,
				B6B1A0A52799BEAF0089DF9D /* SavedView.swift in Sources */,
				B6B1A0AB2799BED40089DF9D /* Cart.swift in Sources */,
				B6B1A0A32799BEA30089DF9D /* HomeView.swift in Sources */,
				B6B1A07B2799BE730089DF9D /* MasterView.swift in Sources */,
				B6B1A0792799BE730089DF9D /* ShoppingApp.swift in Sources */,
			);
			runOnlyForDeploymentPostprocessing = 0;
		};
		B6B1A0812799BE750089DF9D /* Sources */ = {
			isa = PBXSourcesBuildPhase;
			buildActionMask = 2147483647;
			files = (
				B6B1A08A2799BE750089DF9D /* ShoppingTests.swift in Sources */,
			);
			runOnlyForDeploymentPostprocessing = 0;
		};
		B6B1A08B2799BE750089DF9D /* Sources */ = {
			isa = PBXSourcesBuildPhase;
			buildActionMask = 2147483647;
			files = (
				B6B1A0962799BE750089DF9D /* ShoppingUITestsLaunchTests.swift in Sources */,
				B6B1A0942799BE750089DF9D /* ShoppingUITests.swift in Sources */,
			);
			runOnlyForDeploymentPostprocessing = 0;
		};
/* End PBXSourcesBuildPhase section */

/* Begin PBXTargetDependency section */
		B6B1A0872799BE750089DF9D /* PBXTargetDependency */ = {
			isa = PBXTargetDependency;
			target = B6B1A0742799BE730089DF9D /* Shopping */;
			targetProxy = B6B1A0862799BE750089DF9D /* PBXContainerItemProxy */;
		};
		B6B1A0912799BE750089DF9D /* PBXTargetDependency */ = {
			isa = PBXTargetDependency;
			target = B6B1A0742799BE730089DF9D /* Shopping */;
			targetProxy = B6B1A0902799BE750089DF9D /* PBXContainerItemProxy */;
		};
/* End PBXTargetDependency section */

/* Begin XCBuildConfiguration section */
		B6B1A0972799BE750089DF9D /* Debug */ = {
			isa = XCBuildConfiguration;
			buildSettings = {
				ALWAYS_SEARCH_USER_PATHS = NO;
				CLANG_ANALYZER_NONNULL = YES;
				CLANG_ANALYZER_NUMBER_OBJECT_CONVERSION = YES_AGGRESSIVE;
				CLANG_CXX_LANGUAGE_STANDARD = "gnu++17";
				CLANG_CXX_LIBRARY = "libc++";
				CLANG_ENABLE_MODULES = YES;
				CLANG_ENABLE_OBJC_ARC = YES;
				CLANG_ENABLE_OBJC_WEAK = YES;
				CLANG_WARN_BLOCK_CAPTURE_AUTORELEASING = YES;
				CLANG_WARN_BOOL_CONVERSION = YES;
				CLANG_WARN_COMMA = YES;
				CLANG_WARN_CONSTANT_CONVERSION = YES;
				CLANG_WARN_DEPRECATED_OBJC_IMPLEMENTATIONS = YES;
				CLANG_WARN_DIRECT_OBJC_ISA_USAGE = YES_ERROR;
				CLANG_WARN_DOCUMENTATION_COMMENTS = YES;
				CLANG_WARN_EMPTY_BODY = YES;
				CLANG_WARN_ENUM_CONVERSION = YES;
				CLANG_WARN_INFINITE_RECURSION = YES;
				CLANG_WARN_INT_CONVERSION = YES;
				CLANG_WARN_NON_LITERAL_NULL_CONVERSION = YES;
				CLANG_WARN_OBJC_IMPLICIT_RETAIN_SELF = YES;
				CLANG_WARN_OBJC_LITERAL_CONVERSION = YES;
				CLANG_WARN_OBJC_ROOT_CLASS = YES_ERROR;
				CLANG_WARN_QUOTED_INCLUDE_IN_FRAMEWORK_HEADER = YES;
				CLANG_WARN_RANGE_LOOP_ANALYSIS = YES;
				CLANG_WARN_STRICT_PROTOTYPES = YES;
				CLANG_WARN_SUSPICIOUS_MOVE = YES;
				CLANG_WARN_UNGUARDED_AVAILABILITY = YES_AGGRESSIVE;
				CLANG_WARN_UNREACHABLE_CODE = YES;
				CLANG_WARN__DUPLICATE_METHOD_MATCH = YES;
				COPY_PHASE_STRIP = NO;
				DEBUG_INFORMATION_FORMAT = dwarf;
				ENABLE_STRICT_OBJC_MSGSEND = YES;
				ENABLE_TESTABILITY = YES;
				GCC_C_LANGUAGE_STANDARD = gnu11;
				GCC_DYNAMIC_NO_PIC = NO;
				GCC_NO_COMMON_BLOCKS = YES;
				GCC_OPTIMIZATION_LEVEL = 0;
				GCC_PREPROCESSOR_DEFINITIONS = (
					"DEBUG=1",
					"$(inherited)",
				);
				GCC_WARN_64_TO_32_BIT_CONVERSION = YES;
				GCC_WARN_ABOUT_RETURN_TYPE = YES_ERROR;
				GCC_WARN_UNDECLARED_SELECTOR = YES;
				GCC_WARN_UNINITIALIZED_AUTOS = YES_AGGRESSIVE;
				GCC_WARN_UNUSED_FUNCTION = YES;
				GCC_WARN_UNUSED_VARIABLE = YES;
				IPHONEOS_DEPLOYMENT_TARGET = 15.2;
				MTL_ENABLE_DEBUG_INFO = INCLUDE_SOURCE;
				MTL_FAST_MATH = YES;
				ONLY_ACTIVE_ARCH = YES;
				SDKROOT = iphoneos;
				SWIFT_ACTIVE_COMPILATION_CONDITIONS = DEBUG;
				SWIFT_OPTIMIZATION_LEVEL = "-Onone";
			};
			name = Debug;
		};
		B6B1A0982799BE750089DF9D /* Release */ = {
			isa = XCBuildConfiguration;
			buildSettings = {
				ALWAYS_SEARCH_USER_PATHS = NO;
				CLANG_ANALYZER_NONNULL = YES;
				CLANG_ANALYZER_NUMBER_OBJECT_CONVERSION = YES_AGGRESSIVE;
				CLANG_CXX_LANGUAGE_STANDARD = "gnu++17";
				CLANG_CXX_LIBRARY = "libc++";
				CLANG_ENABLE_MODULES = YES;
				CLANG_ENABLE_OBJC_ARC = YES;
				CLANG_ENABLE_OBJC_WEAK = YES;
				CLANG_WARN_BLOCK_CAPTURE_AUTORELEASING = YES;
				CLANG_WARN_BOOL_CONVERSION = YES;
				CLANG_WARN_COMMA = YES;
				CLANG_WARN_CONSTANT_CONVERSION = YES;
				CLANG_WARN_DEPRECATED_OBJC_IMPLEMENTATIONS = YES;
				CLANG_WARN_DIRECT_OBJC_ISA_USAGE = YES_ERROR;
				CLANG_WARN_DOCUMENTATION_COMMENTS = YES;
				CLANG_WARN_EMPTY_BODY = YES;
				CLANG_WARN_ENUM_CONVERSION = YES;
				CLANG_WARN_INFINITE_RECURSION = YES;
				CLANG_WARN_INT_CONVERSION = YES;
				CLANG_WARN_NON_LITERAL_NULL_CONVERSION = YES;
				CLANG_WARN_OBJC_IMPLICIT_RETAIN_SELF = YES;
				CLANG_WARN_OBJC_LITERAL_CONVERSION = YES;
				CLANG_WARN_OBJC_ROOT_CLASS = YES_ERROR;
				CLANG_WARN_QUOTED_INCLUDE_IN_FRAMEWORK_HEADER = YES;
				CLANG_WARN_RANGE_LOOP_ANALYSIS = YES;
				CLANG_WARN_STRICT_PROTOTYPES = YES;
				CLANG_WARN_SUSPICIOUS_MOVE = YES;
				CLANG_WARN_UNGUARDED_AVAILABILITY = YES_AGGRESSIVE;
				CLANG_WARN_UNREACHABLE_CODE = YES;
				CLANG_WARN__DUPLICATE_METHOD_MATCH = YES;
				COPY_PHASE_STRIP = NO;
				DEBUG_INFORMATION_FORMAT = "dwarf-with-dsym";
				ENABLE_NS_ASSERTIONS = NO;
				ENABLE_STRICT_OBJC_MSGSEND = YES;
				GCC_C_LANGUAGE_STANDARD = gnu11;
				GCC_NO_COMMON_BLOCKS = YES;
				GCC_WARN_64_TO_32_BIT_CONVERSION = YES;
				GCC_WARN_ABOUT_RETURN_TYPE = YES_ERROR;
				GCC_WARN_UNDECLARED_SELECTOR = YES;
				GCC_WARN_UNINITIALIZED_AUTOS = YES_AGGRESSIVE;
				GCC_WARN_UNUSED_FUNCTION = YES;
				GCC_WARN_UNUSED_VARIABLE = YES;
				IPHONEOS_DEPLOYMENT_TARGET = 15.2;
				MTL_ENABLE_DEBUG_INFO = NO;
				MTL_FAST_MATH = YES;
				SDKROOT = iphoneos;
				SWIFT_COMPILATION_MODE = wholemodule;
				SWIFT_OPTIMIZATION_LEVEL = "-O";
				VALIDATE_PRODUCT = YES;
			};
			name = Release;
		};
		B6B1A09A2799BE750089DF9D /* Debug */ = {
			isa = XCBuildConfiguration;
			buildSettings = {
				ASSETCATALOG_COMPILER_APPICON_NAME = AppIcon;
				ASSETCATALOG_COMPILER_GLOBAL_ACCENT_COLOR_NAME = AccentColor;
				CODE_SIGN_STYLE = Automatic;
				CURRENT_PROJECT_VERSION = 1;
				DEVELOPMENT_ASSET_PATHS = "\"Shopping/Preview Content\"";
				DEVELOPMENT_TEAM = AFU28XCKKE;
				ENABLE_PREVIEWS = YES;
				GENERATE_INFOPLIST_FILE = YES;
				INFOPLIST_KEY_UIApplicationSceneManifest_Generation = YES;
				INFOPLIST_KEY_UIApplicationSupportsIndirectInputEvents = YES;
				INFOPLIST_KEY_UILaunchScreen_Generation = YES;
				INFOPLIST_KEY_UISupportedInterfaceOrientations_iPad = "UIInterfaceOrientationPortrait UIInterfaceOrientationPortraitUpsideDown UIInterfaceOrientationLandscapeLeft UIInterfaceOrientationLandscapeRight";
				INFOPLIST_KEY_UISupportedInterfaceOrientations_iPhone = "UIInterfaceOrientationPortrait UIInterfaceOrientationLandscapeLeft UIInterfaceOrientationLandscapeRight";
				LD_RUNPATH_SEARCH_PATHS = (
					"$(inherited)",
					"@executable_path/Frameworks",
				);
				MARKETING_VERSION = 1.0;
				PRODUCT_BUNDLE_IDENTIFIER = com.test.shopping.Shopping;
				PRODUCT_NAME = "$(TARGET_NAME)";
				SWIFT_EMIT_LOC_STRINGS = YES;
				SWIFT_VERSION = 5.0;
				TARGETED_DEVICE_FAMILY = "1,2";
			};
			name = Debug;
		};
		B6B1A09B2799BE750089DF9D /* Release */ = {
			isa = XCBuildConfiguration;
			buildSettings = {
				ASSETCATALOG_COMPILER_APPICON_NAME = AppIcon;
				ASSETCATALOG_COMPILER_GLOBAL_ACCENT_COLOR_NAME = AccentColor;
				CODE_SIGN_STYLE = Automatic;
				CURRENT_PROJECT_VERSION = 1;
				DEVELOPMENT_ASSET_PATHS = "\"Shopping/Preview Content\"";
				DEVELOPMENT_TEAM = AFU28XCKKE;
				ENABLE_PREVIEWS = YES;
				GENERATE_INFOPLIST_FILE = YES;
				INFOPLIST_KEY_UIApplicationSceneManifest_Generation = YES;
				INFOPLIST_KEY_UIApplicationSupportsIndirectInputEvents = YES;
				INFOPLIST_KEY_UILaunchScreen_Generation = YES;
				INFOPLIST_KEY_UISupportedInterfaceOrientations_iPad = "UIInterfaceOrientationPortrait UIInterfaceOrientationPortraitUpsideDown UIInterfaceOrientationLandscapeLeft UIInterfaceOrientationLandscapeRight";
				INFOPLIST_KEY_UISupportedInterfaceOrientations_iPhone = "UIInterfaceOrientationPortrait UIInterfaceOrientationLandscapeLeft UIInterfaceOrientationLandscapeRight";
				LD_RUNPATH_SEARCH_PATHS = (
					"$(inherited)",
					"@executable_path/Frameworks",
				);
				MARKETING_VERSION = 1.0;
				PRODUCT_BUNDLE_IDENTIFIER = com.test.shopping.Shopping;
				PRODUCT_NAME = "$(TARGET_NAME)";
				SWIFT_EMIT_LOC_STRINGS = YES;
				SWIFT_VERSION = 5.0;
				TARGETED_DEVICE_FAMILY = "1,2";
			};
			name = Release;
		};
		B6B1A09D2799BE750089DF9D /* Debug */ = {
			isa = XCBuildConfiguration;
			buildSettings = {
				ALWAYS_EMBED_SWIFT_STANDARD_LIBRARIES = YES;
				BUNDLE_LOADER = "$(TEST_HOST)";
				CODE_SIGN_STYLE = Automatic;
				CURRENT_PROJECT_VERSION = 1;
				DEVELOPMENT_TEAM = AFU28XCKKE;
				GENERATE_INFOPLIST_FILE = YES;
				IPHONEOS_DEPLOYMENT_TARGET = 15.2;
				MARKETING_VERSION = 1.0;
				PRODUCT_BUNDLE_IDENTIFIER = com.test.shopping.ShoppingTests;
				PRODUCT_NAME = "$(TARGET_NAME)";
				SWIFT_EMIT_LOC_STRINGS = NO;
				SWIFT_VERSION = 5.0;
				TARGETED_DEVICE_FAMILY = "1,2";
				TEST_HOST = "$(BUILT_PRODUCTS_DIR)/Shopping.app/Shopping";
			};
			name = Debug;
		};
		B6B1A09E2799BE750089DF9D /* Release */ = {
			isa = XCBuildConfiguration;
			buildSettings = {
				ALWAYS_EMBED_SWIFT_STANDARD_LIBRARIES = YES;
				BUNDLE_LOADER = "$(TEST_HOST)";
				CODE_SIGN_STYLE = Automatic;
				CURRENT_PROJECT_VERSION = 1;
				DEVELOPMENT_TEAM = AFU28XCKKE;
				GENERATE_INFOPLIST_FILE = YES;
				IPHONEOS_DEPLOYMENT_TARGET = 15.2;
				MARKETING_VERSION = 1.0;
				PRODUCT_BUNDLE_IDENTIFIER = com.test.shopping.ShoppingTests;
				PRODUCT_NAME = "$(TARGET_NAME)";
				SWIFT_EMIT_LOC_STRINGS = NO;
				SWIFT_VERSION = 5.0;
				TARGETED_DEVICE_FAMILY = "1,2";
				TEST_HOST = "$(BUILT_PRODUCTS_DIR)/Shopping.app/Shopping";
			};
			name = Release;
		};
		B6B1A0A02799BE750089DF9D /* Debug */ = {
			isa = XCBuildConfiguration;
			buildSettings = {
				ALWAYS_EMBED_SWIFT_STANDARD_LIBRARIES = YES;
				CODE_SIGN_STYLE = Automatic;
				CURRENT_PROJECT_VERSION = 1;
				DEVELOPMENT_TEAM = AFU28XCKKE;
				GENERATE_INFOPLIST_FILE = YES;
				MARKETING_VERSION = 1.0;
				PRODUCT_BUNDLE_IDENTIFIER = com.test.shopping.ShoppingUITests;
				PRODUCT_NAME = "$(TARGET_NAME)";
				SWIFT_EMIT_LOC_STRINGS = NO;
				SWIFT_VERSION = 5.0;
				TARGETED_DEVICE_FAMILY = "1,2";
				TEST_TARGET_NAME = Shopping;
			};
			name = Debug;
		};
		B6B1A0A12799BE750089DF9D /* Release */ = {
			isa = XCBuildConfiguration;
			buildSettings = {
				ALWAYS_EMBED_SWIFT_STANDARD_LIBRARIES = YES;
				CODE_SIGN_STYLE = Automatic;
				CURRENT_PROJECT_VERSION = 1;
				DEVELOPMENT_TEAM = AFU28XCKKE;
				GENERATE_INFOPLIST_FILE = YES;
				MARKETING_VERSION = 1.0;
				PRODUCT_BUNDLE_IDENTIFIER = com.test.shopping.ShoppingUITests;
				PRODUCT_NAME = "$(TARGET_NAME)";
				SWIFT_EMIT_LOC_STRINGS = NO;
				SWIFT_VERSION = 5.0;
				TARGETED_DEVICE_FAMILY = "1,2";
				TEST_TARGET_NAME = Shopping;
			};
			name = Release;
		};
/* End XCBuildConfiguration section */

/* Begin XCConfigurationList section */
		B6B1A0702799BE730089DF9D /* Build configuration list for PBXProject "Shopping" */ = {
			isa = XCConfigurationList;
			buildConfigurations = (
				B6B1A0972799BE750089DF9D /* Debug */,
				B6B1A0982799BE750089DF9D /* Release */,
			);
			defaultConfigurationIsVisible = 0;
			defaultConfigurationName = Release;
		};
		B6B1A0992799BE750089DF9D /* Build configuration list for PBXNativeTarget "Shopping" */ = {
			isa = XCConfigurationList;
			buildConfigurations = (
				B6B1A09A2799BE750089DF9D /* Debug */,
				B6B1A09B2799BE750089DF9D /* Release */,
			);
			defaultConfigurationIsVisible = 0;
			defaultConfigurationName = Release;
		};
		B6B1A09C2799BE750089DF9D /* Build configuration list for PBXNativeTarget "ShoppingTests" */ = {
			isa = XCConfigurationList;
			buildConfigurations = (
				B6B1A09D2799BE750089DF9D /* Debug */,
				B6B1A09E2799BE750089DF9D /* Release */,
			);
			defaultConfigurationIsVisible = 0;
			defaultConfigurationName = Release;
		};
		B6B1A09F2799BE750089DF9D /* Build configuration list for PBXNativeTarget "ShoppingUITests" */ = {
			isa = XCConfigurationList;
			buildConfigurations = (
				B6B1A0A02799BE750089DF9D /* Debug */,
				B6B1A0A12799BE750089DF9D /* Release */,
			);
			defaultConfigurationIsVisible = 0;
			defaultConfigurationName = Release;
		};
/* End XCConfigurationList section */
	};
	rootObject = B6B1A06D2799BE730089DF9D /* Project object */;
}
